
Microsoft Visual Studio Solution File, Format Version 12.00
# Visual Studio 15
VisualStudioVersion = 15.0.28307.168
MinimumVisualStudioVersion = 10.0.40219.1
Project("{FAE04EC0-301F-11D3-BF4B-00C04F79EFBC}") = "Exchange", "Exchange\Exchange.csproj", "{BEA18C5C-F456-4AAD-915E-C448D3A924CC}"
EndProject
Global
	GlobalSection(SolutionConfigurationPlatforms) = preSolution
		Debug|Any CPU = Debug|Any CPU
		Release|Any CPU = Release|Any CPU
	EndGlobalSection
	GlobalSection(ProjectConfigurationPlatforms) = postSolution
		{BEA18C5C-F456-4AAD-915E-C448D3A924CC}.Debug|Any CPU.ActiveCfg = Debug|Any CPU
		{BEA18C5C-F456-4AAD-915E-C448D3A924CC}.Debug|Any CPU.Build.0 = Debug|Any CPU
		{BEA18C5C-F456-4AAD-915E-C448D3A924CC}.Release|Any CPU.ActiveCfg = Release|Any CPU
		{BEA18C5C-F456-4AAD-915E-C448D3A924CC}.Release|Any CPU.Build.0 = Release|Any CPU
	EndGlobalSection
	GlobalSection(SolutionProperties) = preSolution
		HideSolutionNode = FALSE
	EndGlobalSection
	GlobalSection(ExtensibilityGlobals) = postSolution
		SolutionGuid = {FDCD3F1C-A2A6-46E8-9728-8573874C76F9}
	EndGlobalSection
EndGlobal
